<Solution>
  <Project Path="flower-shop.client/flower-shop.client.esproj">
    <Build />
    <Deploy />
  </Project>
  <Project Path="Flower-shop.Server/Flower-shop.Server.csproj" />
  <Project Path="SweetFlowerShop.Application/SweetFlowerShop.Application.csproj" />
  <Project Path="SweetFlowerShop.Domain/SweetFlowerShop.Domain.csproj" />
  <Project Path="SweetFlowerShop.Infrastructure/SweetFlowerShop.Infrastructure.csproj" />
  <Project Path="tests/SweetFlowerShop.Domain.Tests/SweetFlowerShop.Domain.Tests.csproj" />
  <Project Path="tests/SweetFlowerShop.Application.Tests/SweetFlowerShop.Application.Tests.csproj" />
</Solution>
